
Microsoft Visual Studio Solution File, Format Version 12.00
# Visual Studio Version 17
VisualStudioVersion = 17.14.36414.22
MinimumVisualStudioVersion = 10.0.40219.1
Project("{FAE04EC0-301F-11D3-BF4B-00C04F79EFBC}") = "WebStruct", "WebStruct\WebStruct.csproj", "{8D76992F-EAB1-4D09-9F40-55F3B0664B69}"
EndProject
Project("{FAE04EC0-301F-11D3-BF4B-00C04F79EFBC}") = "WebStruct.Contracts", "WebStruct.Contracts\WebStruct.Contracts.csproj", "{E8DC7BA6-D0F7-4D4C-9D60-AEDDEFE121BF}"
EndProject
Project("{2150E333-8FDC-42A3-9474-1A3956D46DE8}") = "Presentation.Shared", "Presentation.Shared", "{02EA681E-C7D8-13C7-8484-4AC65E1B71E8}"
EndProject
Project("{2150E333-8FDC-42A3-9474-1A3956D46DE8}") = "CompModels", "CompModels", "{ACF817BD-270E-4A96-B125-E6068DB3575E}"
EndProject
Project("{2150E333-8FDC-42A3-9474-1A3956D46DE8}") = "UsersRoles", "UsersRoles", "{6CEB0AB2-F2C9-4C4F-A892-7250F1DF53D0}"
EndProject
Project("{2150E333-8FDC-42A3-9474-1A3956D46DE8}") = "CompModels.Shared", "CompModels.Shared", "{45DD3B6D-F5B3-429E-8D75-F1722EFFB390}"
EndProject
Project("{2150E333-8FDC-42A3-9474-1A3956D46DE8}") = "Solution Items", "Solution Items", "{8EC462FD-D22E-90A8-E5CE-7E832BA40C5D}"
EndProject
Project("{2150E333-8FDC-42A3-9474-1A3956D46DE8}") = "UsersRoles.Tests", "UsersRoles.Tests", "{B7774F30-282E-48A2-B818-D0D4749ABD0E}"
EndProject
Project("{2150E333-8FDC-42A3-9474-1A3956D46DE8}") = "CompModels.Tests", "CompModels.Tests", "{00B39672-7D95-4D0E-ADEF-7371BF0EC96D}"
EndProject
Project("{FAE04EC0-301F-11D3-BF4B-00C04F79EFBC}") = "WebStruct.Admin.Contracts", "WebStruct.Admin.Contracts\WebStruct.Admin.Contracts.csproj", "{59900275-F4DB-4CD1-B7D7-C0CEA518AE85}"
EndProject
Project("{FAE04EC0-301F-11D3-BF4B-00C04F79EFBC}") = "CompModels.Unit.Tests", "CompModels.Unit.Tests\CompModels.Unit.Tests.csproj", "{042B1B51-847F-4FEF-A30C-B0D82D712895}"
EndProject
Project("{FAE04EC0-301F-11D3-BF4B-00C04F79EFBC}") = "UsersRoles.Unit.Tests", "UsersRoles.Unit.Tests\UsersRoles.Unit.Tests.csproj", "{68505582-713C-4C09-95EC-6FA8F5BA9A0C}"
EndProject
Project("{FAE04EC0-301F-11D3-BF4B-00C04F79EFBC}") = "CompModels.CRUD.Services", "CompModels.CRUD.Services\CompModels.CRUD.Services.csproj", "{63135C67-CA67-4084-8AD1-BDD17A3803F6}"
EndProject
Project("{FAE04EC0-301F-11D3-BF4B-00C04F79EFBC}") = "CompModels.ModelsAlghoritms", "CompModels.ModelsAlghoritms\CompModels.ModelsAlghoritms.csproj", "{A7E9738C-E854-4A0D-8335-D98C6BDFA84F}"
EndProject
Project("{FAE04EC0-301F-11D3-BF4B-00C04F79EFBC}") = "CompModels.DAL", "CompModels.DAL\CompModels.DAL.csproj", "{B40C26F4-6AF8-495A-A6D6-C67D657FE20A}"
EndProject
Project("{FAE04EC0-301F-11D3-BF4B-00C04F79EFBC}") = "CompModels.Repositories", "CompModels.Repositories\CompModels.Repositories.csproj", "{9ACEC396-55BA-4A29-84C8-85CFC310EFFD}"
EndProject
Project("{FAE04EC0-301F-11D3-BF4B-00C04F79EFBC}") = "UsersRoles.DAL", "UsersRoles.DAL\UsersRoles.DAL.csproj", "{CCAAE44C-9D2A-45A5-8442-D7D70657201C}"
EndProject
Project("{FAE04EC0-301F-11D3-BF4B-00C04F79EFBC}") = "UsersRoles.Repositories", "UsersRoles.Repositories\UsersRoles.Repositories.csproj", "{0B2BB8E1-4180-43BA-95D5-30A3BD3D8609}"
EndProject
Project("{FAE04EC0-301F-11D3-BF4B-00C04F79EFBC}") = "UsersRoles.Services", "UsersRoles.Services\UsersRoles.Services.csproj", "{1A663E3E-53E3-4C24-88AD-AEF9B0E961E9}"
EndProject
Project("{FAE04EC0-301F-11D3-BF4B-00C04F79EFBC}") = "CompModels.Shared.Common", "CompModels.Shared.Common\CompModels.Shared.Common.csproj", "{2E883B86-BA6E-4A6B-A194-553BFF3F1832}"
EndProject
Project("{FAE04EC0-301F-11D3-BF4B-00C04F79EFBC}") = "WebStruct.Shared", "WebStruct.Shared\WebStruct.Shared.csproj", "{C0250594-F005-4C7D-B192-EC14DC32198E}"
EndProject
Project("{2150E333-8FDC-42A3-9474-1A3956D46DE8}") = "NatureExperiments", "NatureExperiments", "{7930EC3C-7BA6-4E11-9D71-0173F7DAF488}"
EndProject
Project("{FAE04EC0-301F-11D3-BF4B-00C04F79EFBC}") = "NatureExperiments.DAL", "NatureExperiments.DAL\NatureExperiments.DAL.csproj", "{0736F1A9-FE56-47E5-967A-C1CF8517AB5E}"
EndProject
Project("{FAE04EC0-301F-11D3-BF4B-00C04F79EFBC}") = "NatureExperiments.Repositories", "NatureExperiments.Repositories\NatureExperiments.Repositories.csproj", "{69A79327-2E95-4CE2-96D3-AC7D54F05C79}"
EndProject
Project("{FAE04EC0-301F-11D3-BF4B-00C04F79EFBC}") = "NatureExperiments.Services", "NatureExperiments.Services\NatureExperiments.Services.csproj", "{37EB3A2B-D309-410C-BBE2-C5708E91A3C2}"
EndProject
Project("{FAE04EC0-301F-11D3-BF4B-00C04F79EFBC}") = "NatureExperiments.Unit.Tests", "NatureExperiments.Unit.Tests\NatureExperiments.Unit.Tests.csproj", "{BE2AD503-EFDA-4CEC-AE8D-B72522A97438}"
EndProject
Project("{FAE04EC0-301F-11D3-BF4B-00C04F79EFBC}") = "Watchdog", "Watchdog\Watchdog.csproj", "{FE3D0BC8-EA4C-4365-AB21-A2CE0CF8A189}"
EndProject
Global
	GlobalSection(SolutionConfigurationPlatforms) = preSolution
		Debug|Any CPU = Debug|Any CPU
		Release|Any CPU = Release|Any CPU
	EndGlobalSection
	GlobalSection(ProjectConfigurationPlatforms) = postSolution
		{8D76992F-EAB1-4D09-9F40-55F3B0664B69}.Debug|Any CPU.ActiveCfg = Debug|Any CPU
		{8D76992F-EAB1-4D09-9F40-55F3B0664B69}.Debug|Any CPU.Build.0 = Debug|Any CPU
		{8D76992F-EAB1-4D09-9F40-55F3B0664B69}.Release|Any CPU.ActiveCfg = Release|Any CPU
		{8D76992F-EAB1-4D09-9F40-55F3B0664B69}.Release|Any CPU.Build.0 = Release|Any CPU
		{E8DC7BA6-D0F7-4D4C-9D60-AEDDEFE121BF}.Debug|Any CPU.ActiveCfg = Debug|Any CPU
		{E8DC7BA6-D0F7-4D4C-9D60-AEDDEFE121BF}.Debug|Any CPU.Build.0 = Debug|Any CPU
		{E8DC7BA6-D0F7-4D4C-9D60-AEDDEFE121BF}.Release|Any CPU.ActiveCfg = Release|Any CPU
		{E8DC7BA6-D0F7-4D4C-9D60-AEDDEFE121BF}.Release|Any CPU.Build.0 = Release|Any CPU
		{59900275-F4DB-4CD1-B7D7-C0CEA518AE85}.Debug|Any CPU.ActiveCfg = Debug|Any CPU
		{59900275-F4DB-4CD1-B7D7-C0CEA518AE85}.Debug|Any CPU.Build.0 = Debug|Any CPU
		{59900275-F4DB-4CD1-B7D7-C0CEA518AE85}.Release|Any CPU.ActiveCfg = Release|Any CPU
		{59900275-F4DB-4CD1-B7D7-C0CEA518AE85}.Release|Any CPU.Build.0 = Release|Any CPU
		{042B1B51-847F-4FEF-A30C-B0D82D712895}.Debug|Any CPU.ActiveCfg = Debug|Any CPU
		{042B1B51-847F-4FEF-A30C-B0D82D712895}.Debug|Any CPU.Build.0 = Debug|Any CPU
		{042B1B51-847F-4FEF-A30C-B0D82D712895}.Release|Any CPU.ActiveCfg = Release|Any CPU
		{042B1B51-847F-4FEF-A30C-B0D82D712895}.Release|Any CPU.Build.0 = Release|Any CPU
		{68505582-713C-4C09-95EC-6FA8F5BA9A0C}.Debug|Any CPU.ActiveCfg = Debug|Any CPU
		{68505582-713C-4C09-95EC-6FA8F5BA9A0C}.Debug|Any CPU.Build.0 = Debug|Any CPU
		{68505582-713C-4C09-95EC-6FA8F5BA9A0C}.Release|Any CPU.ActiveCfg = Release|Any CPU
		{68505582-713C-4C09-95EC-6FA8F5BA9A0C}.Release|Any CPU.Build.0 = Release|Any CPU
		{63135C67-CA67-4084-8AD1-BDD17A3803F6}.Debug|Any CPU.ActiveCfg = Debug|Any CPU
		{63135C67-CA67-4084-8AD1-BDD17A3803F6}.Debug|Any CPU.Build.0 = Debug|Any CPU
		{63135C67-CA67-4084-8AD1-BDD17A3803F6}.Release|Any CPU.ActiveCfg = Release|Any CPU
		{63135C67-CA67-4084-8AD1-BDD17A3803F6}.Release|Any CPU.Build.0 = Release|Any CPU
		{A7E9738C-E854-4A0D-8335-D98C6BDFA84F}.Debug|Any CPU.ActiveCfg = Debug|Any CPU
		{A7E9738C-E854-4A0D-8335-D98C6BDFA84F}.Debug|Any CPU.Build.0 = Debug|Any CPU
		{A7E9738C-E854-4A0D-8335-D98C6BDFA84F}.Release|Any CPU.ActiveCfg = Release|Any CPU
		{A7E9738C-E854-4A0D-8335-D98C6BDFA84F}.Release|Any CPU.Build.0 = Release|Any CPU
		{B40C26F4-6AF8-495A-A6D6-C67D657FE20A}.Debug|Any CPU.ActiveCfg = Debug|Any CPU
		{B40C26F4-6AF8-495A-A6D6-C67D657FE20A}.Debug|Any CPU.Build.0 = Debug|Any CPU
		{B40C26F4-6AF8-495A-A6D6-C67D657FE20A}.Release|Any CPU.ActiveCfg = Release|Any CPU
		{B40C26F4-6AF8-495A-A6D6-C67D657FE20A}.Release|Any CPU.Build.0 = Release|Any CPU
		{9ACEC396-55BA-4A29-84C8-85CFC310EFFD}.Debug|Any CPU.ActiveCfg = Debug|Any CPU
		{9ACEC396-55BA-4A29-84C8-85CFC310EFFD}.Debug|Any CPU.Build.0 = Debug|Any CPU
		{9ACEC396-55BA-4A29-84C8-85CFC310EFFD}.Release|Any CPU.ActiveCfg = Release|Any CPU
		{9ACEC396-55BA-4A29-84C8-85CFC310EFFD}.Release|Any CPU.Build.0 = Release|Any CPU
		{CCAAE44C-9D2A-45A5-8442-D7D70657201C}.Debug|Any CPU.ActiveCfg = Debug|Any CPU
		{CCAAE44C-9D2A-45A5-8442-D7D70657201C}.Debug|Any CPU.Build.0 = Debug|Any CPU
		{CCAAE44C-9D2A-45A5-8442-D7D70657201C}.Release|Any CPU.ActiveCfg = Release|Any CPU
		{CCAAE44C-9D2A-45A5-8442-D7D70657201C}.Release|Any CPU.Build.0 = Release|Any CPU
		{0B2BB8E1-4180-43BA-95D5-30A3BD3D8609}.Debug|Any CPU.ActiveCfg = Debug|Any CPU
		{0B2BB8E1-4180-43BA-95D5-30A3BD3D8609}.Debug|Any CPU.Build.0 = Debug|Any CPU
		{0B2BB8E1-4180-43BA-95D5-30A3BD3D8609}.Release|Any CPU.ActiveCfg = Release|Any CPU
		{0B2BB8E1-4180-43BA-95D5-30A3BD3D8609}.Release|Any CPU.Build.0 = Release|Any CPU
		{1A663E3E-53E3-4C24-88AD-AEF9B0E961E9}.Debug|Any CPU.ActiveCfg = Debug|Any CPU
		{1A663E3E-53E3-4C24-88AD-AEF9B0E961E9}.Debug|Any CPU.Build.0 = Debug|Any CPU
		{1A663E3E-53E3-4C24-88AD-AEF9B0E961E9}.Release|Any CPU.ActiveCfg = Release|Any CPU
		{1A663E3E-53E3-4C24-88AD-AEF9B0E961E9}.Release|Any CPU.Build.0 = Release|Any CPU
		{2E883B86-BA6E-4A6B-A194-553BFF3F1832}.Debug|Any CPU.ActiveCfg = Debug|Any CPU
		{2E883B86-BA6E-4A6B-A194-553BFF3F1832}.Debug|Any CPU.Build.0 = Debug|Any CPU
		{2E883B86-BA6E-4A6B-A194-553BFF3F1832}.Release|Any CPU.ActiveCfg = Release|Any CPU
		{2E883B86-BA6E-4A6B-A194-553BFF3F1832}.Release|Any CPU.Build.0 = Release|Any CPU
		{C0250594-F005-4C7D-B192-EC14DC32198E}.Debug|Any CPU.ActiveCfg = Debug|Any CPU
		{C0250594-F005-4C7D-B192-EC14DC32198E}.Debug|Any CPU.Build.0 = Debug|Any CPU
		{C0250594-F005-4C7D-B192-EC14DC32198E}.Release|Any CPU.ActiveCfg = Release|Any CPU
		{C0250594-F005-4C7D-B192-EC14DC32198E}.Release|Any CPU.Build.0 = Release|Any CPU
		{0736F1A9-FE56-47E5-967A-C1CF8517AB5E}.Debug|Any CPU.ActiveCfg = Debug|Any CPU
		{0736F1A9-FE56-47E5-967A-C1CF8517AB5E}.Debug|Any CPU.Build.0 = Debug|Any CPU
		{0736F1A9-FE56-47E5-967A-C1CF8517AB5E}.Release|Any CPU.ActiveCfg = Release|Any CPU
		{0736F1A9-FE56-47E5-967A-C1CF8517AB5E}.Release|Any CPU.Build.0 = Release|Any CPU
		{69A79327-2E95-4CE2-96D3-AC7D54F05C79}.Debug|Any CPU.ActiveCfg = Debug|Any CPU
		{69A79327-2E95-4CE2-96D3-AC7D54F05C79}.Debug|Any CPU.Build.0 = Debug|Any CPU
		{69A79327-2E95-4CE2-96D3-AC7D54F05C79}.Release|Any CPU.ActiveCfg = Release|Any CPU
		{69A79327-2E95-4CE2-96D3-AC7D54F05C79}.Release|Any CPU.Build.0 = Release|Any CPU
		{37EB3A2B-D309-410C-BBE2-C5708E91A3C2}.Debug|Any CPU.ActiveCfg = Debug|Any CPU
		{37EB3A2B-D309-410C-BBE2-C5708E91A3C2}.Debug|Any CPU.Build.0 = Debug|Any CPU
		{37EB3A2B-D309-410C-BBE2-C5708E91A3C2}.Release|Any CPU.ActiveCfg = Release|Any CPU
		{37EB3A2B-D309-410C-BBE2-C5708E91A3C2}.Release|Any CPU.Build.0 = Release|Any CPU
		{BE2AD503-EFDA-4CEC-AE8D-B72522A97438}.Debug|Any CPU.ActiveCfg = Debug|Any CPU
		{BE2AD503-EFDA-4CEC-AE8D-B72522A97438}.Debug|Any CPU.Build.0 = Debug|Any CPU
		{BE2AD503-EFDA-4CEC-AE8D-B72522A97438}.Release|Any CPU.ActiveCfg = Release|Any CPU
		{BE2AD503-EFDA-4CEC-AE8D-B72522A97438}.Release|Any CPU.Build.0 = Release|Any CPU
		{FE3D0BC8-EA4C-4365-AB21-A2CE0CF8A189}.Debug|Any CPU.ActiveCfg = Debug|Any CPU
		{FE3D0BC8-EA4C-4365-AB21-A2CE0CF8A189}.Debug|Any CPU.Build.0 = Debug|Any CPU
		{FE3D0BC8-EA4C-4365-AB21-A2CE0CF8A189}.Release|Any CPU.ActiveCfg = Release|Any CPU
		{FE3D0BC8-EA4C-4365-AB21-A2CE0CF8A189}.Release|Any CPU.Build.0 = Release|Any CPU
	EndGlobalSection
	GlobalSection(SolutionProperties) = preSolution
		HideSolutionNode = FALSE
	EndGlobalSection
	GlobalSection(NestedProjects) = preSolution
		{8D76992F-EAB1-4D09-9F40-55F3B0664B69} = {02EA681E-C7D8-13C7-8484-4AC65E1B71E8}
		{E8DC7BA6-D0F7-4D4C-9D60-AEDDEFE121BF} = {02EA681E-C7D8-13C7-8484-4AC65E1B71E8}
		{45DD3B6D-F5B3-429E-8D75-F1722EFFB390} = {ACF817BD-270E-4A96-B125-E6068DB3575E}
		{B7774F30-282E-48A2-B818-D0D4749ABD0E} = {6CEB0AB2-F2C9-4C4F-A892-7250F1DF53D0}
		{00B39672-7D95-4D0E-ADEF-7371BF0EC96D} = {ACF817BD-270E-4A96-B125-E6068DB3575E}
		{59900275-F4DB-4CD1-B7D7-C0CEA518AE85} = {02EA681E-C7D8-13C7-8484-4AC65E1B71E8}
		{042B1B51-847F-4FEF-A30C-B0D82D712895} = {00B39672-7D95-4D0E-ADEF-7371BF0EC96D}
		{68505582-713C-4C09-95EC-6FA8F5BA9A0C} = {B7774F30-282E-48A2-B818-D0D4749ABD0E}
		{63135C67-CA67-4084-8AD1-BDD17A3803F6} = {ACF817BD-270E-4A96-B125-E6068DB3575E}
		{A7E9738C-E854-4A0D-8335-D98C6BDFA84F} = {ACF817BD-270E-4A96-B125-E6068DB3575E}
		{B40C26F4-6AF8-495A-A6D6-C67D657FE20A} = {45DD3B6D-F5B3-429E-8D75-F1722EFFB390}
		{9ACEC396-55BA-4A29-84C8-85CFC310EFFD} = {45DD3B6D-F5B3-429E-8D75-F1722EFFB390}
		{CCAAE44C-9D2A-45A5-8442-D7D70657201C} = {6CEB0AB2-F2C9-4C4F-A892-7250F1DF53D0}
		{0B2BB8E1-4180-43BA-95D5-30A3BD3D8609} = {6CEB0AB2-F2C9-4C4F-A892-7250F1DF53D0}
		{1A663E3E-53E3-4C24-88AD-AEF9B0E961E9} = {6CEB0AB2-F2C9-4C4F-A892-7250F1DF53D0}
		{2E883B86-BA6E-4A6B-A194-553BFF3F1832} = {45DD3B6D-F5B3-429E-8D75-F1722EFFB390}
		{0736F1A9-FE56-47E5-967A-C1CF8517AB5E} = {7930EC3C-7BA6-4E11-9D71-0173F7DAF488}
		{69A79327-2E95-4CE2-96D3-AC7D54F05C79} = {7930EC3C-7BA6-4E11-9D71-0173F7DAF488}
		{37EB3A2B-D309-410C-BBE2-C5708E91A3C2} = {7930EC3C-7BA6-4E11-9D71-0173F7DAF488}
		{BE2AD503-EFDA-4CEC-AE8D-B72522A97438} = {7930EC3C-7BA6-4E11-9D71-0173F7DAF488}
	EndGlobalSection
	GlobalSection(ExtensibilityGlobals) = postSolution
		SolutionGuid = {B75724EE-BFBF-490C-A147-98985D524824}
	EndGlobalSection
EndGlobal
